{
  "version": 4,
  "terraform_version": "1.14.0",
  "serial": 21,
  "lineage": "89390492-0bb9-058e-a5cd-0a100d12379c",
  "outputs": {},
  "resources": [
    {
      "module": "module.vpc",
      "mode": "managed",
      "type": "aws_eip",
      "name": "nat",
      "provider": "module.vpc.provider[\"registry.terraform.io/hashicorp/aws\"]",
      "instances": [
        {
          "schema_version": 0,
          "attributes": {
            "address": null,
            "allocation_id": "eipalloc-01d6663fa4cedd6f8",
            "arn": "arn:aws:ec2:us-east-1:221693237976:elastic-ip/eipalloc-01d6663fa4cedd6f8",
            "associate_with_private_ip": null,
            "association_id": "",
            "carrier_ip": "",
            "customer_owned_ip": "",
            "customer_owned_ipv4_pool": "",
            "domain": "vpc",
            "id": "eipalloc-01d6663fa4cedd6f8",
            "instance": "",
            "ipam_pool_id": null,
            "network_border_group": "us-east-1",
            "network_interface": "",
            "private_dns": "ip-10-0-0-71.ec2.internal",
            "private_ip": "",
            "ptr_record": "",
            "public_dns": "ec2-13-216-69-191.compute-1.amazonaws.com",
            "public_ip": "13.216.69.191",
            "public_ipv4_pool": "amazon",
            "tags": {
              "Environment": "staging",
              "Name": "teleios-jibike-staging-vpc-nat-eip"
            },
            "tags_all": {
              "Environment": "staging",
              "Name": "teleios-jibike-staging-vpc-nat-eip"
            },
            "timeouts": null,
            "vpc": true
          },
          "sensitive_attributes": [],
          "identity_schema_version": 0,
          "private": "eyJlMmJmYjczMC1lY2FhLTExZTYtOGY4OC0zNDM2M2JjN2M0YzAiOnsiZGVsZXRlIjoxODAwMDAwMDAwMDAsInJlYWQiOjkwMDAwMDAwMDAwMCwidXBkYXRlIjozMDAwMDAwMDAwMDB9fQ=="
        }
      ]
    },
    {
      "module": "module.vpc",
      "mode": "managed",
      "type": "aws_internet_gateway",
      "name": "this",
      "provider": "module.vpc.provider[\"registry.terraform.io/hashicorp/aws\"]",
      "instances": [
        {
          "schema_version": 0,
          "attributes": {
            "arn": "arn:aws:ec2:us-east-1:221693237976:internet-gateway/igw-08046316164e8e4c9",
            "id": "igw-08046316164e8e4c9",
            "owner_id": "221693237976",
            "tags": {
              "Environment": "dev",
              "Name": "teleios-jibike-dev-vpc-igw"
            },
            "tags_all": {
              "Environment": "dev",
              "Name": "teleios-jibike-dev-vpc-igw"
            },
            "timeouts": null,
            "vpc_id": "vpc-0d267a9baff8fe06e"
          },
          "sensitive_attributes": [],
          "identity_schema_version": 0,
          "private": "eyJlMmJmYjczMC1lY2FhLTExZTYtOGY4OC0zNDM2M2JjN2M0YzAiOnsiY3JlYXRlIjoxMjAwMDAwMDAwMDAwLCJkZWxldGUiOjEyMDAwMDAwMDAwMDAsInVwZGF0ZSI6MTIwMDAwMDAwMDAwMH19",
          "dependencies": [
            "module.vpc.aws_vpc.this"
          ]
        }
      ]
    },
    {
      "module": "module.vpc",
      "mode": "managed",
      "type": "aws_vpc",
      "name": "this",
      "provider": "module.vpc.provider[\"registry.terraform.io/hashicorp/aws\"]",
      "instances": [
        {
          "schema_version": 1,
          "attributes": {
            "arn": "arn:aws:ec2:us-east-1:221693237976:vpc/vpc-0d267a9baff8fe06e",
            "assign_generated_ipv6_cidr_block": false,
            "cidr_block": "10.0.0.0/22",
            "default_network_acl_id": "acl-06d436bdfc02853e7",
            "default_route_table_id": "rtb-0636a4904ccefb029",
            "default_security_group_id": "sg-05c02a2a4ccee8fe4",
            "dhcp_options_id": "dopt-03ff51a2627a46584",
            "enable_dns_hostnames": true,
            "enable_dns_support": true,
            "enable_network_address_usage_metrics": false,
            "id": "vpc-0d267a9baff8fe06e",
            "instance_tenancy": "default",
            "ipv4_ipam_pool_id": null,
            "ipv4_netmask_length": null,
            "ipv6_association_id": "",
            "ipv6_cidr_block": "",
            "ipv6_cidr_block_network_border_group": "",
            "ipv6_ipam_pool_id": "",
            "ipv6_netmask_length": 0,
            "main_route_table_id": "rtb-0636a4904ccefb029",
            "owner_id": "221693237976",
            "tags": {
              "Environment": "dev",
              "Name": "teleios-jibike-dev-vpc"
            },
            "tags_all": {
              "Environment": "dev",
              "Name": "teleios-jibike-dev-vpc"
            }
          },
          "sensitive_attributes": [],
          "identity_schema_version": 0,
          "private": "eyJzY2hlbWFfdmVyc2lvbiI6IjEifQ=="
        }
      ]
    }
  ],
  "check_results": null
}
